
Microsoft Visual Studio Solution File, Format Version 12.00
# Visual Studio Version 17
VisualStudioVersion = 17.13.35919.96 d17.13
MinimumVisualStudioVersion = 10.0.40219.1
Project("{FAE04EC0-301F-11D3-BF4B-00C04F79EFBC}") = "LAB02", "LAB02\LAB02.csproj", "{BF768CDB-5FDF-4C76-9CBD-1AA17E875F99}"
EndProject
Global
	GlobalSection(SolutionConfigurationPlatforms) = preSolution
		Debug|Any CPU = Debug|Any CPU
		Release|Any CPU = Release|Any CPU
	EndGlobalSection
	GlobalSection(ProjectConfigurationPlatforms) = postSolution
		{BF768CDB-5FDF-4C76-9CBD-1AA17E875F99}.Debug|Any CPU.ActiveCfg = Debug|Any CPU
		{BF768CDB-5FDF-4C76-9CBD-1AA17E875F99}.Debug|Any CPU.Build.0 = Debug|Any CPU
		{BF768CDB-5FDF-4C76-9CBD-1AA17E875F99}.Release|Any CPU.ActiveCfg = Release|Any CPU
		{BF768CDB-5FDF-4C76-9CBD-1AA17E875F99}.Release|Any CPU.Build.0 = Release|Any CPU
	EndGlobalSection
	GlobalSection(SolutionProperties) = preSolution
		HideSolutionNode = FALSE
	EndGlobalSection
	GlobalSection(ExtensibilityGlobals) = postSolution
		SolutionGuid = {BD3C6EDE-1602-4DF9-903D-E1DDB38C32AE}
	EndGlobalSection
EndGlobal
