
Microsoft Visual Studio Solution File, Format Version 12.00
# Visual Studio Version 17
VisualStudioVersion = 17.13.35919.96
MinimumVisualStudioVersion = 10.0.40219.1
Project("{FAE04EC0-301F-11D3-BF4B-00C04F79EFBC}") = "LAB03", "LAB03\LAB03.csproj", "{3671088E-F20B-4845-B3A1-480D5F6C3C4F}"
EndProject
Project("{FAE04EC0-301F-11D3-BF4B-00C04F79EFBC}") = "Bai1", "Bai1\Bai1.csproj", "{0C5960CF-2CC0-4A28-8E1F-8C7DBBCDE32B}"
EndProject
Project("{FAE04EC0-301F-11D3-BF4B-00C04F79EFBC}") = "Bai2", "Bai2\Bai2.csproj", "{8FC4D253-1790-42DC-A5AD-D17D0E11404A}"
EndProject
Project("{FAE04EC0-301F-11D3-BF4B-00C04F79EFBC}") = "Bai3", "Bai3\Bai3.csproj", "{BA76C827-A34D-4AA9-B029-05F509D367D6}"
EndProject
Project("{FAE04EC0-301F-11D3-BF4B-00C04F79EFBC}") = "Bai4", "Bai4\Bai4.csproj", "{76C9652B-953E-414B-A277-3D1508B5344A}"
EndProject
Global
	GlobalSection(SolutionConfigurationPlatforms) = preSolution
		Debug|Any CPU = Debug|Any CPU
		Release|Any CPU = Release|Any CPU
	EndGlobalSection
	GlobalSection(ProjectConfigurationPlatforms) = postSolution
		{3671088E-F20B-4845-B3A1-480D5F6C3C4F}.Debug|Any CPU.ActiveCfg = Debug|Any CPU
		{3671088E-F20B-4845-B3A1-480D5F6C3C4F}.Debug|Any CPU.Build.0 = Debug|Any CPU
		{3671088E-F20B-4845-B3A1-480D5F6C3C4F}.Release|Any CPU.ActiveCfg = Release|Any CPU
		{3671088E-F20B-4845-B3A1-480D5F6C3C4F}.Release|Any CPU.Build.0 = Release|Any CPU
		{0C5960CF-2CC0-4A28-8E1F-8C7DBBCDE32B}.Debug|Any CPU.ActiveCfg = Debug|Any CPU
		{0C5960CF-2CC0-4A28-8E1F-8C7DBBCDE32B}.Debug|Any CPU.Build.0 = Debug|Any CPU
		{0C5960CF-2CC0-4A28-8E1F-8C7DBBCDE32B}.Release|Any CPU.ActiveCfg = Release|Any CPU
		{0C5960CF-2CC0-4A28-8E1F-8C7DBBCDE32B}.Release|Any CPU.Build.0 = Release|Any CPU
		{8FC4D253-1790-42DC-A5AD-D17D0E11404A}.Debug|Any CPU.ActiveCfg = Debug|Any CPU
		{8FC4D253-1790-42DC-A5AD-D17D0E11404A}.Debug|Any CPU.Build.0 = Debug|Any CPU
		{8FC4D253-1790-42DC-A5AD-D17D0E11404A}.Release|Any CPU.ActiveCfg = Release|Any CPU
		{8FC4D253-1790-42DC-A5AD-D17D0E11404A}.Release|Any CPU.Build.0 = Release|Any CPU
		{BA76C827-A34D-4AA9-B029-05F509D367D6}.Debug|Any CPU.ActiveCfg = Debug|Any CPU
		{BA76C827-A34D-4AA9-B029-05F509D367D6}.Debug|Any CPU.Build.0 = Debug|Any CPU
		{BA76C827-A34D-4AA9-B029-05F509D367D6}.Release|Any CPU.ActiveCfg = Release|Any CPU
		{BA76C827-A34D-4AA9-B029-05F509D367D6}.Release|Any CPU.Build.0 = Release|Any CPU
		{76C9652B-953E-414B-A277-3D1508B5344A}.Debug|Any CPU.ActiveCfg = Debug|Any CPU
		{76C9652B-953E-414B-A277-3D1508B5344A}.Debug|Any CPU.Build.0 = Debug|Any CPU
		{76C9652B-953E-414B-A277-3D1508B5344A}.Release|Any CPU.ActiveCfg = Release|Any CPU
		{76C9652B-953E-414B-A277-3D1508B5344A}.Release|Any CPU.Build.0 = Release|Any CPU
	EndGlobalSection
	GlobalSection(SolutionProperties) = preSolution
		HideSolutionNode = FALSE
	EndGlobalSection
	GlobalSection(ExtensibilityGlobals) = postSolution
		SolutionGuid = {01478EE8-519D-4E5F-903C-1F05A860922C}
	EndGlobalSection
EndGlobal
