
Microsoft Visual Studio Solution File, Format Version 12.00
# Visual Studio Version 17
VisualStudioVersion = 17.13.35919.96
MinimumVisualStudioVersion = 10.0.40219.1
Project("{FAE04EC0-301F-11D3-BF4B-00C04F79EFBC}") = "LAB01", "ConsoleApp1\LAB01.csproj", "{689FF41A-C05E-4F78-A5A4-4E916C459202}"
EndProject
Global
	GlobalSection(SolutionConfigurationPlatforms) = preSolution
		Debug|Any CPU = Debug|Any CPU
		Release|Any CPU = Release|Any CPU
	EndGlobalSection
	GlobalSection(ProjectConfigurationPlatforms) = postSolution
		{689FF41A-C05E-4F78-A5A4-4E916C459202}.Debug|Any CPU.ActiveCfg = Debug|Any CPU
		{689FF41A-C05E-4F78-A5A4-4E916C459202}.Debug|Any CPU.Build.0 = Debug|Any CPU
		{689FF41A-C05E-4F78-A5A4-4E916C459202}.Release|Any CPU.ActiveCfg = Release|Any CPU
		{689FF41A-C05E-4F78-A5A4-4E916C459202}.Release|Any CPU.Build.0 = Release|Any CPU
	EndGlobalSection
	GlobalSection(SolutionProperties) = preSolution
		HideSolutionNode = FALSE
	EndGlobalSection
	GlobalSection(ExtensibilityGlobals) = postSolution
		SolutionGuid = {74A294D6-22D8-4283-8DF7-2F7956BF4D24}
	EndGlobalSection
EndGlobal
